
Microsoft Visual Studio Solution File, Format Version 12.00
# Visual Studio Version 16
VisualStudioVersion = 16.0.29905.134
MinimumVisualStudioVersion = 10.0.40219.1
Project("{FAE04EC0-301F-11D3-BF4B-00C04F79EFBC}") = "01_Cafe", "01_Cafe\01_Cafe.csproj", "{8F53080B-8D78-4FAC-B773-A3E3F8CEBD99}"
EndProject
Project("{2150E333-8FDC-42A3-9474-1A3956D46DE8}") = "01_KCafe", "01_KCafe", "{2C423C54-6061-4F50-A324-2F47E3E68FDD}"
EndProject
Project("{FAE04EC0-301F-11D3-BF4B-00C04F79EFBC}") = "01_CafeUI", "01_CafeUI\01_CafeUI.csproj", "{0FF5F104-0600-4F24-AE36-EF3034EA5050}"
EndProject
Project("{FAE04EC0-301F-11D3-BF4B-00C04F79EFBC}") = "01_CafeTest", "01_CafeTest\01_CafeTest.csproj", "{054DB4A9-7C43-4428-9543-DC75B14D9695}"
EndProject
Project("{2150E333-8FDC-42A3-9474-1A3956D46DE8}") = "02_KClaims", "02_KClaims", "{9F3A3605-78D9-4B0D-994D-1096353D2524}"
EndProject
Project("{FAE04EC0-301F-11D3-BF4B-00C04F79EFBC}") = "02_Claims", "02_Claims\02_Claims.csproj", "{B00A5C4A-D1CD-4B5A-9379-4B9262078DC7}"
EndProject
Project("{FAE04EC0-301F-11D3-BF4B-00C04F79EFBC}") = "02_ClaimUI", "ClaimUI\02_ClaimUI.csproj", "{FE3C107C-438D-4094-9EFB-F4E8A573B41D}"
EndProject
Project("{FAE04EC0-301F-11D3-BF4B-00C04F79EFBC}") = "02_ClaimsTests", "02_ClaimsTests\02_ClaimsTests.csproj", "{246E11A3-931A-4A00-ACDC-B2E2BB7717B0}"
EndProject
Project("{2150E333-8FDC-42A3-9474-1A3956D46DE8}") = "03_KBadges", "03_KBadges", "{DD7F2A2D-2028-42F9-BFE1-BA44551A4B66}"
EndProject
Project("{FAE04EC0-301F-11D3-BF4B-00C04F79EFBC}") = "03_Badges", "03_Badges\03_Badges.csproj", "{0945DA57-E515-46E9-86A2-867CB1BB7DD1}"
EndProject
Project("{FAE04EC0-301F-11D3-BF4B-00C04F79EFBC}") = "03_BadgeUI", "03_BadgeUI\03_BadgeUI.csproj", "{A25EB461-BB32-4D3C-9B72-3ED4C03D6DE1}"
EndProject
Project("{FAE04EC0-301F-11D3-BF4B-00C04F79EFBC}") = "03_BadgeTests", "03_BadgeTests\03_BadgeTests.csproj", "{0BA2439A-9A4D-4DA4-923B-348CEA995A9A}"
EndProject
Global
	GlobalSection(SolutionConfigurationPlatforms) = preSolution
		Debug|Any CPU = Debug|Any CPU
		Release|Any CPU = Release|Any CPU
	EndGlobalSection
	GlobalSection(ProjectConfigurationPlatforms) = postSolution
		{8F53080B-8D78-4FAC-B773-A3E3F8CEBD99}.Debug|Any CPU.ActiveCfg = Debug|Any CPU
		{8F53080B-8D78-4FAC-B773-A3E3F8CEBD99}.Debug|Any CPU.Build.0 = Debug|Any CPU
		{8F53080B-8D78-4FAC-B773-A3E3F8CEBD99}.Release|Any CPU.ActiveCfg = Release|Any CPU
		{8F53080B-8D78-4FAC-B773-A3E3F8CEBD99}.Release|Any CPU.Build.0 = Release|Any CPU
		{0FF5F104-0600-4F24-AE36-EF3034EA5050}.Debug|Any CPU.ActiveCfg = Debug|Any CPU
		{0FF5F104-0600-4F24-AE36-EF3034EA5050}.Debug|Any CPU.Build.0 = Debug|Any CPU
		{0FF5F104-0600-4F24-AE36-EF3034EA5050}.Release|Any CPU.ActiveCfg = Release|Any CPU
		{0FF5F104-0600-4F24-AE36-EF3034EA5050}.Release|Any CPU.Build.0 = Release|Any CPU
		{054DB4A9-7C43-4428-9543-DC75B14D9695}.Debug|Any CPU.ActiveCfg = Debug|Any CPU
		{054DB4A9-7C43-4428-9543-DC75B14D9695}.Debug|Any CPU.Build.0 = Debug|Any CPU
		{054DB4A9-7C43-4428-9543-DC75B14D9695}.Release|Any CPU.ActiveCfg = Release|Any CPU
		{054DB4A9-7C43-4428-9543-DC75B14D9695}.Release|Any CPU.Build.0 = Release|Any CPU
		{B00A5C4A-D1CD-4B5A-9379-4B9262078DC7}.Debug|Any CPU.ActiveCfg = Debug|Any CPU
		{B00A5C4A-D1CD-4B5A-9379-4B9262078DC7}.Debug|Any CPU.Build.0 = Debug|Any CPU
		{B00A5C4A-D1CD-4B5A-9379-4B9262078DC7}.Release|Any CPU.ActiveCfg = Release|Any CPU
		{B00A5C4A-D1CD-4B5A-9379-4B9262078DC7}.Release|Any CPU.Build.0 = Release|Any CPU
		{FE3C107C-438D-4094-9EFB-F4E8A573B41D}.Debug|Any CPU.ActiveCfg = Debug|Any CPU
		{FE3C107C-438D-4094-9EFB-F4E8A573B41D}.Debug|Any CPU.Build.0 = Debug|Any CPU
		{FE3C107C-438D-4094-9EFB-F4E8A573B41D}.Release|Any CPU.ActiveCfg = Release|Any CPU
		{FE3C107C-438D-4094-9EFB-F4E8A573B41D}.Release|Any CPU.Build.0 = Release|Any CPU
		{246E11A3-931A-4A00-ACDC-B2E2BB7717B0}.Debug|Any CPU.ActiveCfg = Debug|Any CPU
		{246E11A3-931A-4A00-ACDC-B2E2BB7717B0}.Debug|Any CPU.Build.0 = Debug|Any CPU
		{246E11A3-931A-4A00-ACDC-B2E2BB7717B0}.Release|Any CPU.ActiveCfg = Release|Any CPU
		{246E11A3-931A-4A00-ACDC-B2E2BB7717B0}.Release|Any CPU.Build.0 = Release|Any CPU
		{0945DA57-E515-46E9-86A2-867CB1BB7DD1}.Debug|Any CPU.ActiveCfg = Debug|Any CPU
		{0945DA57-E515-46E9-86A2-867CB1BB7DD1}.Debug|Any CPU.Build.0 = Debug|Any CPU
		{0945DA57-E515-46E9-86A2-867CB1BB7DD1}.Release|Any CPU.ActiveCfg = Release|Any CPU
		{0945DA57-E515-46E9-86A2-867CB1BB7DD1}.Release|Any CPU.Build.0 = Release|Any CPU
		{A25EB461-BB32-4D3C-9B72-3ED4C03D6DE1}.Debug|Any CPU.ActiveCfg = Debug|Any CPU
		{A25EB461-BB32-4D3C-9B72-3ED4C03D6DE1}.Debug|Any CPU.Build.0 = Debug|Any CPU
		{A25EB461-BB32-4D3C-9B72-3ED4C03D6DE1}.Release|Any CPU.ActiveCfg = Release|Any CPU
		{A25EB461-BB32-4D3C-9B72-3ED4C03D6DE1}.Release|Any CPU.Build.0 = Release|Any CPU
		{0BA2439A-9A4D-4DA4-923B-348CEA995A9A}.Debug|Any CPU.ActiveCfg = Debug|Any CPU
		{0BA2439A-9A4D-4DA4-923B-348CEA995A9A}.Debug|Any CPU.Build.0 = Debug|Any CPU
		{0BA2439A-9A4D-4DA4-923B-348CEA995A9A}.Release|Any CPU.ActiveCfg = Release|Any CPU
		{0BA2439A-9A4D-4DA4-923B-348CEA995A9A}.Release|Any CPU.Build.0 = Release|Any CPU
	EndGlobalSection
	GlobalSection(SolutionProperties) = preSolution
		HideSolutionNode = FALSE
	EndGlobalSection
	GlobalSection(NestedProjects) = preSolution
		{8F53080B-8D78-4FAC-B773-A3E3F8CEBD99} = {2C423C54-6061-4F50-A324-2F47E3E68FDD}
		{0FF5F104-0600-4F24-AE36-EF3034EA5050} = {2C423C54-6061-4F50-A324-2F47E3E68FDD}
		{054DB4A9-7C43-4428-9543-DC75B14D9695} = {2C423C54-6061-4F50-A324-2F47E3E68FDD}
		{B00A5C4A-D1CD-4B5A-9379-4B9262078DC7} = {9F3A3605-78D9-4B0D-994D-1096353D2524}
		{FE3C107C-438D-4094-9EFB-F4E8A573B41D} = {9F3A3605-78D9-4B0D-994D-1096353D2524}
		{246E11A3-931A-4A00-ACDC-B2E2BB7717B0} = {9F3A3605-78D9-4B0D-994D-1096353D2524}
		{0945DA57-E515-46E9-86A2-867CB1BB7DD1} = {DD7F2A2D-2028-42F9-BFE1-BA44551A4B66}
		{A25EB461-BB32-4D3C-9B72-3ED4C03D6DE1} = {DD7F2A2D-2028-42F9-BFE1-BA44551A4B66}
		{0BA2439A-9A4D-4DA4-923B-348CEA995A9A} = {DD7F2A2D-2028-42F9-BFE1-BA44551A4B66}
	EndGlobalSection
	GlobalSection(ExtensibilityGlobals) = postSolution
		SolutionGuid = {5324EFB7-6652-4AF2-B4B1-FDEBB7F314EE}
	EndGlobalSection
EndGlobal
